
Microsoft Visual Studio Solution File, Format Version 11.00
# Visual Studio 2010
Project("{2150E333-8FDC-42A3-9474-1A3956D46DE8}") = "Solution Items", "Solution Items", "{926A6491-04A6-4821-942C-A1C9EAD36796}"
	ProjectSection(SolutionItems) = preProject
		AssemblyInfo.cs = AssemblyInfo.cs
		build.fsx = build.fsx
	EndProjectSection
EndProject
Project("{FAE04EC0-301F-11D3-BF4B-00C04F79EFBC}") = "grep", "grep\grep.csproj", "{525A6E91-CD73-4882-B000-7EA07FB8ABC5}"
EndProject
Project("{FAE04EC0-301F-11D3-BF4B-00C04F79EFBC}") = "sed", "sed\sed.csproj", "{610597C4-126F-4455-B4C3-84DA0585B21B}"
EndProject
Project("{FAE04EC0-301F-11D3-BF4B-00C04F79EFBC}") = "common", "common\common.csproj", "{40ADF86A-FA42-4116-8F99-71CDE9EF946A}"
EndProject
Project("{FAE04EC0-301F-11D3-BF4B-00C04F79EFBC}") = "df", "df\df.csproj", "{6AF2A5A0-9CC5-456A-96A5-246CC833DE3B}"
EndProject
Project("{FAE04EC0-301F-11D3-BF4B-00C04F79EFBC}") = "du", "du\du.csproj", "{728343AD-C070-4F83-A562-9DA6FA51635D}"
EndProject
Global
	GlobalSection(SolutionConfigurationPlatforms) = preSolution
		Debug|Any CPU = Debug|Any CPU
		Release|Any CPU = Release|Any CPU
	EndGlobalSection
	GlobalSection(ProjectConfigurationPlatforms) = postSolution
		{525A6E91-CD73-4882-B000-7EA07FB8ABC5}.Debug|Any CPU.ActiveCfg = Debug|Any CPU
		{525A6E91-CD73-4882-B000-7EA07FB8ABC5}.Debug|Any CPU.Build.0 = Debug|Any CPU
		{525A6E91-CD73-4882-B000-7EA07FB8ABC5}.Release|Any CPU.ActiveCfg = Release|Any CPU
		{525A6E91-CD73-4882-B000-7EA07FB8ABC5}.Release|Any CPU.Build.0 = Release|Any CPU
		{610597C4-126F-4455-B4C3-84DA0585B21B}.Debug|Any CPU.ActiveCfg = Debug|Any CPU
		{610597C4-126F-4455-B4C3-84DA0585B21B}.Debug|Any CPU.Build.0 = Debug|Any CPU
		{610597C4-126F-4455-B4C3-84DA0585B21B}.Release|Any CPU.ActiveCfg = Release|Any CPU
		{610597C4-126F-4455-B4C3-84DA0585B21B}.Release|Any CPU.Build.0 = Release|Any CPU
		{40ADF86A-FA42-4116-8F99-71CDE9EF946A}.Debug|Any CPU.ActiveCfg = Debug|Any CPU
		{40ADF86A-FA42-4116-8F99-71CDE9EF946A}.Debug|Any CPU.Build.0 = Debug|Any CPU
		{40ADF86A-FA42-4116-8F99-71CDE9EF946A}.Release|Any CPU.ActiveCfg = Release|Any CPU
		{40ADF86A-FA42-4116-8F99-71CDE9EF946A}.Release|Any CPU.Build.0 = Release|Any CPU
		{6AF2A5A0-9CC5-456A-96A5-246CC833DE3B}.Debug|Any CPU.ActiveCfg = Debug|Any CPU
		{6AF2A5A0-9CC5-456A-96A5-246CC833DE3B}.Debug|Any CPU.Build.0 = Debug|Any CPU
		{6AF2A5A0-9CC5-456A-96A5-246CC833DE3B}.Release|Any CPU.ActiveCfg = Release|Any CPU
		{6AF2A5A0-9CC5-456A-96A5-246CC833DE3B}.Release|Any CPU.Build.0 = Release|Any CPU
		{728343AD-C070-4F83-A562-9DA6FA51635D}.Debug|Any CPU.ActiveCfg = Debug|Any CPU
		{728343AD-C070-4F83-A562-9DA6FA51635D}.Debug|Any CPU.Build.0 = Debug|Any CPU
		{728343AD-C070-4F83-A562-9DA6FA51635D}.Release|Any CPU.ActiveCfg = Release|Any CPU
		{728343AD-C070-4F83-A562-9DA6FA51635D}.Release|Any CPU.Build.0 = Release|Any CPU
	EndGlobalSection
	GlobalSection(SolutionProperties) = preSolution
		HideSolutionNode = FALSE
	EndGlobalSection
EndGlobal
